
Microsoft Visual Studio Solution File, Format Version 12.00
# Visual Studio Version 17
VisualStudioVersion = 17.9.34622.214
MinimumVisualStudioVersion = 10.0.40219.1
Project("{FAE04EC0-301F-11D3-BF4B-00C04F79EFBC}") = "MyFirstProgram", "MyFirstProgram\MyFirstProgram.csproj", "{FCD02481-9097-4871-81AE-AA7DD5F9AF4A}"
EndProject
Global
	GlobalSection(SolutionConfigurationPlatforms) = preSolution
		Debug|Any CPU = Debug|Any CPU
		Release|Any CPU = Release|Any CPU
	EndGlobalSection
	GlobalSection(ProjectConfigurationPlatforms) = postSolution
		{FCD02481-9097-4871-81AE-AA7DD5F9AF4A}.Debug|Any CPU.ActiveCfg = Debug|Any CPU
		{FCD02481-9097-4871-81AE-AA7DD5F9AF4A}.Debug|Any CPU.Build.0 = Debug|Any CPU
		{FCD02481-9097-4871-81AE-AA7DD5F9AF4A}.Release|Any CPU.ActiveCfg = Release|Any CPU
		{FCD02481-9097-4871-81AE-AA7DD5F9AF4A}.Release|Any CPU.Build.0 = Release|Any CPU
	EndGlobalSection
	GlobalSection(SolutionProperties) = preSolution
		HideSolutionNode = FALSE
	EndGlobalSection
	GlobalSection(ExtensibilityGlobals) = postSolution
		SolutionGuid = {003F18C4-11CD-4068-A874-40C382EA3B50}
	EndGlobalSection
EndGlobal
